{
    "_meta": {
        "hash": {
            "sha256": "3f2af814613987cb20eeb95cb775b2f377d9d383eb6027c16fe0180ac20e3c4e"
        },
        "pipfile-spec": 6,
        "requires": {
            "python_version": "3.8"
        },
        "sources": [
            {
                "name": "pypi",
                "url": "https://pypi.org/simple",
                "verify_ssl": true
            }
        ]
    },
    "default": {
        "getmac": {
            "hashes": [
                "sha256:2e4aef2dd6c3befccd7cf9e18badddd24ab1992b928e2e811d415ed47137c547",
                "sha256:d501d20b71856248cfa07a8758192e86a01077910afb8b659a89946c4d52d368"
            ],
            "index": "pypi",
            "version": "==0.8.2"
        },
        "netifaces": {
            "hashes": [
                "sha256:078986caf4d6a602a4257d3686afe4544ea74362b8928e9f4389b5cd262bc215",
                "sha256:0c4304c6d5b33fbd9b20fdc369f3a2fef1a8bbacfb6fd05b9708db01333e9e7b",
                "sha256:2dee9ffdd16292878336a58d04a20f0ffe95555465fee7c9bd23b3490ef2abf3",
                "sha256:3095218b66d359092b82f07c5422293c2f6559cf8d36b96b379cc4cdc26eeffa",
                "sha256:30ed89ab8aff715caf9a9d827aa69cd02ad9f6b1896fd3fb4beb998466ed9a3c",
                "sha256:4921ed406386246b84465950d15a4f63480c1458b0979c272364054b29d73084",
                "sha256:563a1a366ee0fb3d96caab79b7ac7abd2c0a0577b157cc5a40301373a0501f89",
                "sha256:5b3167f923f67924b356c1338eb9ba275b2ba8d64c7c2c47cf5b5db49d574994",
                "sha256:6d84e50ec28e5d766c9911dce945412dc5b1ce760757c224c71e1a9759fa80c2",
                "sha256:755050799b5d5aedb1396046f270abfc4befca9ccba3074f3dbbb3cb34f13aae",
                "sha256:75d3a4ec5035db7478520ac547f7c176e9fd438269e795819b67223c486e5cbe",
                "sha256:7a25a8e28281504f0e23e181d7a9ed699c72f061ca6bdfcd96c423c2a89e75fc",
                "sha256:7cc6fd1eca65be588f001005446a47981cbe0b2909f5be8feafef3bf351a4e24",
                "sha256:86b8a140e891bb23c8b9cb1804f1475eb13eea3dbbebef01fcbbf10fbafbee42",
                "sha256:ad10acab2ef691eb29a1cc52c3be5ad1423700e993cc035066049fa72999d0dc",
                "sha256:b2ff3a0a4f991d2da5376efd3365064a43909877e9fabfa801df970771161d29",
                "sha256:b47e8f9ff6846756be3dc3fb242ca8e86752cd35a08e06d54ffc2e2a2aca70ea",
                "sha256:da298241d87bcf468aa0f0705ba14572ad296f24c4fda5055d6988701d6fd8e1",
                "sha256:db881478f1170c6dd524175ba1c83b99d3a6f992a35eca756de0ddc4690a1940",
                "sha256:f0427755c68571df37dc58835e53a4307884a48dec76f3c01e33eb0d4a3a81d7",
                "sha256:f8885cc48c8c7ad51f36c175e462840f163cb4687eeb6c6d7dfaf7197308e36b",
                "sha256:f911b7f0083d445c8d24cfa5b42ad4996e33250400492080f5018a28c026db2b"
            ],
            "index": "pypi",
            "version": "==0.10.9"
        }
    },
    "develop": {}
}
